# @generated - this file is auto-generated by `mise lock` https://mise.jdx.dev/dev-tools/mise-lock.html

lockfile_version = 1

[[tools.bun]]
version = "1.4.2"
backend = "core:bun"
specifiers = ["1.4"]

[tools.bun."platforms.linux-arm64"]
checksum = "sha256:54328bbc2d9c8e0c9f892c544d66c57a83b84139e34909e5ee81758f1ac8fda7"
url = "https://github.com/oven-sh/bun/releases/download/bun-v1.4.2/bun-linux-aarch64.zip"

[tools.bun."platforms.linux-arm64-musl"]
checksum = "sha256:71760b6c8ea30623b81a4907cb815d48e2ea266f2e73e751534a44a0607950df"
url = "https://github.com/oven-sh/bun/releases/download/bun-v1.4.2/bun-linux-aarch64-musl.zip"

[tools.bun."platforms.linux-x64"]
checksum = "sha256:36368faef7527875d5ffa52e53cd48021741f2a83eb6208a8dd64068d422a913"
url = "https://github.com/oven-sh/bun/releases/download/bun-v1.4.2/bun-linux-x64.zip"

[tools.bun."platforms.linux-x64-baseline"]
checksum = "sha256:c678040f14fe0440eb839d37cbd0ce4c051a32da72806ac97de6a6aab6bf728f"
url = "https://github.com/oven-sh/bun/releases/download/bun-v1.4.2/bun-linux-x64-baseline.zip"

[tools.bun."platforms.linux-x64-musl"]
checksum = "sha256:4835eca59d6da70f4674f5642f6e459dcadab773695b2ed9922d131057989742"
url = "https://github.com/oven-sh/bun/releases/download/bun-v1.4.2/bun-linux-x64-musl.zip"

[tools.bun."platforms.linux-x64-musl-baseline"]
checksum = "sha256:76e1db84e98f22f78de0a87e309bfbbf297732847f9720db36750646c85c8c18"
url = "https://github.com/oven-sh/bun/releases/download/bun-v1.4.2/bun-linux-x64-musl-baseline.zip"

[tools.bun."platforms.macos-arm64"]
checksum = "sha256:90987a3a16d7db556d886ac3d551e7b6d3edf0a1cf43acaed622e8676be1d12f"
url = "https://github.com/oven-sh/bun/releases/download/bun-v1.4.2/bun-darwin-aarch64.zip"

[tools.bun."platforms.macos-x64"]
checksum = "sha256:80520d7e17526308c9185d261679ac6d27798d3803a0e9f7ff9121ab8affb012"
url = "https://github.com/oven-sh/bun/releases/download/bun-v1.4.2/bun-darwin-x64.zip"

[tools.bun."platforms.macos-x64-baseline"]
checksum = "sha256:bad5bbd6cf14d0980d115f5954c9ff904df619d5e994d2da1ffccd3f316300b0"
url = "https://github.com/oven-sh/bun/releases/download/bun-v1.4.2/bun-darwin-x64-baseline.zip"

[tools.bun."platforms.windows-x64"]
checksum = "sha256:ce4c17497b2f29712a99d3d53f028de28cd42e3bacb8589599e7f000e49b6405"
url = "https://github.com/oven-sh/bun/releases/download/bun-v1.4.2/bun-windows-x64.zip"

[tools.bun."platforms.windows-x64-baseline"]
checksum = "sha256:78c221c2376f79731ccf4e4af0b3bb46d81fefa3296c5abee09ad8a1b21e68c6"
url = "https://github.com/oven-sh/bun/releases/download/bun-v1.4.2/bun-windows-x64-baseline.zip"

[[tools.oxfmt]]
version = "0.71.0"
backend = "github:oxc-project/oxc"
specifiers = ["0.71"]

[tools.oxfmt.options]
matching = "oxfmt"
version_prefix = "oxfmt_v"

[tools.oxfmt."platforms.linux-arm64"]
checksum = "sha256:ae72caa2238fb4e91f745131c7fe79f51e0b5490d87490b4bf0177fd61360004"
url = "https://github.com/oxc-project/oxc/releases/download/oxfmt_v0.71.0/oxfmt-aarch64-unknown-linux-gnu.tar.gz"
url_api = "https://api.github.com/repos/oxc-project/oxc/releases/assets/595138511"
provenance = "github-attestations"

[tools.oxfmt."platforms.linux-arm64-musl"]
checksum = "sha256:7b6a4b4673b4e95457c4b9ef140b8e78ae7ae5d4b98e3d57b99c11ef5fb5892c"
url = "https://github.com/oxc-project/oxc/releases/download/oxfmt_v0.71.0/oxfmt-aarch64-unknown-linux-musl.tar.gz"
url_api = "https://api.github.com/repos/oxc-project/oxc/releases/assets/595138515"
provenance = "github-attestations"

[tools.oxfmt."platforms.linux-x64"]
checksum = "sha256:11707dc99dc78f8e4df9b3d940c214115ec16f62fe259996b2bd75aede04159a"
url = "https://github.com/oxc-project/oxc/releases/download/oxfmt_v0.71.0/oxfmt-x86_64-unknown-linux-gnu.tar.gz"
url_api = "https://api.github.com/repos/oxc-project/oxc/releases/assets/595138574"
provenance = "github-attestations"
provenance_verified = true

[tools.oxfmt."platforms.linux-x64-musl"]
checksum = "sha256:30ae9bae541f6176d0748fe0c1e2d535866aff44caca9cb76caae0ee28131cda"
url = "https://github.com/oxc-project/oxc/releases/download/oxfmt_v0.71.0/oxfmt-x86_64-unknown-linux-musl.tar.gz"
url_api = "https://api.github.com/repos/oxc-project/oxc/releases/assets/595138576"
provenance = "github-attestations"

[tools.oxfmt."platforms.macos-arm64"]
checksum = "sha256:83338a3c3c4bebcfd081712c3f29fd8ae8be2f8ff04b52ed6e4e665c9a5dcd1e"
url = "https://github.com/oxc-project/oxc/releases/download/oxfmt_v0.71.0/oxfmt-aarch64-apple-darwin.tar.gz"
url_api = "https://api.github.com/repos/oxc-project/oxc/releases/assets/595138510"
provenance = "github-attestations"

[tools.oxfmt."platforms.macos-x64"]
checksum = "sha256:a74bd972803d894127aea9eee6ee09cab5313b8c7850c843956116bdf11a8393"
url = "https://github.com/oxc-project/oxc/releases/download/oxfmt_v0.71.0/oxfmt-x86_64-apple-darwin.tar.gz"
url_api = "https://api.github.com/repos/oxc-project/oxc/releases/assets/595138557"
provenance = "github-attestations"

[tools.oxfmt."platforms.windows-x64"]
checksum = "sha256:a599836efeffd434756c15578c882fd0186f759eda939c73dd07b0a6b9756017"
url = "https://github.com/oxc-project/oxc/releases/download/oxfmt_v0.71.0/oxfmt-x86_64-pc-windows-msvc.zip"
url_api = "https://api.github.com/repos/oxc-project/oxc/releases/assets/595138570"
provenance = "github-attestations"

[[tools.oxlint]]
version = "1.84.0"
backend = "aqua:oxc-project/oxc/oxlint"
specifiers = ["1"]

[tools.oxlint."platforms.linux-arm64"]
checksum = "sha256:f0c68dab774f32e0a3f7225ecf18bbe28c112a8e57fc88f30e802115035321f7"
url = "https://github.com/oxc-project/oxc/releases/download/apps_v1.84.0/oxlint-aarch64-unknown-linux-gnu.tar.gz"
url_api = "https://api.github.com/repos/oxc-project/oxc/releases/assets/579056545"

[tools.oxlint."platforms.linux-arm64-musl"]
checksum = "sha256:4323bbb98dcf532c01c64d3af2d5ba27298a7a602d5c8ea16d5a70c1557256e3"
url = "https://github.com/oxc-project/oxc/releases/download/apps_v1.84.0/oxlint-aarch64-unknown-linux-musl.tar.gz"
url_api = "https://api.github.com/repos/oxc-project/oxc/releases/assets/579056550"

[tools.oxlint."platforms.linux-x64"]
checksum = "sha256:1839650aa43c7aafcd077134c1b3ad033893649a85a9a4cd1993c1a49c93468d"
url = "https://github.com/oxc-project/oxc/releases/download/apps_v1.84.0/oxlint-x86_64-unknown-linux-gnu.tar.gz"
url_api = "https://api.github.com/repos/oxc-project/oxc/releases/assets/579056598"

[tools.oxlint."platforms.linux-x64-musl"]
checksum = "sha256:b7a4b7e322cc5d4ecba1f17ce67a2eba3a911e421c65ea2d0d1a1752e402b293"
url = "https://github.com/oxc-project/oxc/releases/download/apps_v1.84.0/oxlint-x86_64-unknown-linux-musl.tar.gz"
url_api = "https://api.github.com/repos/oxc-project/oxc/releases/assets/579056600"

[tools.oxlint."platforms.macos-arm64"]
checksum = "sha256:e45d663c25b14ce0c85a56802ec868610d17b0e3311a1f39fc7f2b6f31efda94"
url = "https://github.com/oxc-project/oxc/releases/download/apps_v1.84.0/oxlint-aarch64-apple-darwin.tar.gz"
url_api = "https://api.github.com/repos/oxc-project/oxc/releases/assets/579056542"

[tools.oxlint."platforms.macos-x64"]
checksum = "sha256:fcf84ccd6cba88e714c644f2c61efc6349a0b4a40a48d72b117d9aba9812117a"
url = "https://github.com/oxc-project/oxc/releases/download/apps_v1.84.0/oxlint-x86_64-apple-darwin.tar.gz"
url_api = "https://api.github.com/repos/oxc-project/oxc/releases/assets/579056585"

[tools.oxlint."platforms.windows-x64"]
checksum = "sha256:f3672f9ac9b33e1b7f66588f4401e463886f1667aa0a7a6686967754638064da"
url = "https://github.com/oxc-project/oxc/releases/download/apps_v1.84.0/oxlint-x86_64-pc-windows-msvc.zip"
url_api = "https://api.github.com/repos/oxc-project/oxc/releases/assets/579056588"
